// !$*UTF8*$!
{
	archiveVersion = 1;
	classes = {
	};
	objectVersion = 50;
	objects = {

/* Begin PBXBuildFile section */
		085CAEE225776AA900AAD8B1 /* AppDelegate.swift in Sources */ = {isa = PBXBuildFile; fileRef = 085CAEE125776AA900AAD8B1 /* AppDelegate.swift */; };
		085CAEE425776AA900AAD8B1 /* SceneDelegate.swift in Sources */ = {isa = PBXBuildFile; fileRef = 085CAEE325776AA900AAD8B1 /* SceneDelegate.swift */; };
		085CAEE625776AA900AAD8B1 /* ViewController.swift in Sources */ = {isa = PBXBuildFile; fileRef = 085CAEE525776AA900AAD8B1 /* ViewController.swift */; };
		085CAEE925776AA900AAD8B1 /* Main.storyboard in Resources */ = {isa = PBXBuildFile; fileRef = 085CAEE725776AA900AAD8B1 /* Main.storyboard */; };
		085CAEEB25776AAC00AAD8B1 /* Assets.xcassets in Resources */ = {isa = PBXBuildFile; fileRef = 085CAEEA25776AAC00AAD8B1 /* Assets.xcassets */; };
		085CAEEE25776AAC00AAD8B1 /* LaunchScreen.storyboard in Resources */ = {isa = PBXBuildFile; fileRef = 085CAEEC25776AAC00AAD8B1 /* LaunchScreen.storyboard */; };
		085CAEF925776AAC00AAD8B1 /* tipTests.swift in Sources */ = {isa = PBXBuildFile; fileRef = 085CAEF825776AAC00AAD8B1 /* tipTests.swift */; };
		085CAF0425776AAC00AAD8B1 /* tipUITests.swift in Sources */ = {isa = PBXBuildFile; fileRef = 085CAF0325776AAC00AAD8B1 /* tipUITests.swift */; };
		085CAF1D2577929500AAD8B1 /* SettingsViewController.swift in Sources */ = {isa = PBXBuildFile; fileRef = 085CAF1C2577929500AAD8B1 /* SettingsViewController.swift */; };
/* End PBXBuildFile section */

/* Begin PBXContainerItemProxy section */
		085CAEF525776AAC00AAD8B1 /* PBXContainerItemProxy */ = {
			isa = PBXContainerItemProxy;
			containerPortal = 085CAED625776AA900AAD8B1 /* Project object */;
			proxyType = 1;
			remoteGlobalIDString = 085CAEDD25776AA900AAD8B1;
			remoteInfo = tip;
		};
		085CAF0025776AAC00AAD8B1 /* PBXContainerItemProxy */ = {
			isa = PBXContainerItemProxy;
			containerPortal = 085CAED625776AA900AAD8B1 /* Project object */;
			proxyType = 1;
			remoteGlobalIDString = 085CAEDD25776AA900AAD8B1;
			remoteInfo = tip;
		};
/* End PBXContainerItemProxy section */

/* Begin PBXFileReference section */
		082505D725DD7FC6001CD3A7 /* es */ = {isa = PBXFileReference; lastKnownFileType = text.plist.strings; name = es; path = es.lproj/Main.strings; sourceTree = "<group>"; };
		082505D825DD7FC6001CD3A7 /* es */ = {isa = PBXFileReference; lastKnownFileType = text.plist.strings; name = es; path = es.lproj/LaunchScreen.strings; sourceTree = "<group>"; };
		082505DC25DD81AC001CD3A7 /* en-US */ = {isa = PBXFileReference; lastKnownFileType = text.plist.strings; name = "en-US"; path = "en-US.lproj/Main.strings"; sourceTree = "<group>"; };
		082505DD25DD81AC001CD3A7 /* en-US */ = {isa = PBXFileReference; lastKnownFileType = text.plist.strings; name = "en-US"; path = "en-US.lproj/LaunchScreen.strings"; sourceTree = "<group>"; };
		085CAEDE25776AA900AAD8B1 /* tip.app */ = {isa = PBXFileReference; explicitFileType = wrapper.application; includeInIndex = 0; path = tip.app; sourceTree = BUILT_PRODUCTS_DIR; };
		085CAEE125776AA900AAD8B1 /* AppDelegate.swift */ = {isa = PBXFileReference; lastKnownFileType = sourcecode.swift; path = AppDelegate.swift; sourceTree = "<group>"; };
		085CAEE325776AA900AAD8B1 /* SceneDelegate.swift */ = {isa = PBXFileReference; lastKnownFileType = sourcecode.swift; path = SceneDelegate.swift; sourceTree = "<group>"; };
		085CAEE525776AA900AAD8B1 /* ViewController.swift */ = {isa = PBXFileReference; lastKnownFileType = sourcecode.swift; path = ViewController.swift; sourceTree = "<group>"; };
		085CAEE825776AA900AAD8B1 /* Base */ = {isa = PBXFileReference; lastKnownFileType = file.storyboard; name = Base; path = Base.lproj/Main.storyboard; sourceTree = "<group>"; };
		085CAEEA25776AAC00AAD8B1 /* Assets.xcassets */ = {isa = PBXFileReference; lastKnownFileType = folder.assetcatalog; path = Assets.xcassets; sourceTree = "<group>"; };
		085CAEED25776AAC00AAD8B1 /* Base */ = {isa = PBXFileReference; lastKnownFileType = file.storyboard; name = Base; path = Base.lproj/LaunchScreen.storyboard; sourceTree = "<group>"; };
		085CAEEF25776AAC00AAD8B1 /* Info.plist */ = {isa = PBXFileReference; lastKnownFileType = text.plist.xml; path = Info.plist; sourceTree = "<group>"; };
		085CAEF425776AAC00AAD8B1 /* tipTests.xctest */ = {isa = PBXFileReference; explicitFileType = wrapper.cfbundle; includeInIndex = 0; path = tipTests.xctest; sourceTree = BUILT_PRODUCTS_DIR; };
		085CAEF825776AAC00AAD8B1 /* tipTests.swift */ = {isa = PBXFileReference; lastKnownFileType = sourcecode.swift; path = tipTests.swift; sourceTree = "<group>"; };
		085CAEFA25776AAC00AAD8B1 /* Info.plist */ = {isa = PBXFileReference; lastKnownFileType = text.plist.xml; path = Info.plist; sourceTree = "<group>"; };
		085CAEFF25776AAC00AAD8B1 /* tipUITests.xctest */ = {isa = PBXFileReference; explicitFileType = wrapper.cfbundle; includeInIndex = 0; path = tipUITests.xctest; sourceTree = BUILT_PRODUCTS_DIR; };
		085CAF0325776AAC00AAD8B1 /* tipUITests.swift */ = {isa = PBXFileReference; lastKnownFileType = sourcecode.swift; path = tipUITests.swift; sourceTree = "<group>"; };
		085CAF0525776AAC00AAD8B1 /* Info.plist */ = {isa = PBXFileReference; lastKnownFileType = text.plist.xml; path = Info.plist; sourceTree = "<group>"; };
		085CAF1C2577929500AAD8B1 /* SettingsViewController.swift */ = {isa = PBXFileReference; lastKnownFileType = sourcecode.swift; name = SettingsViewController.swift; path = tip/SettingsViewController.swift; sourceTree = SOURCE_ROOT; };
/* End PBXFileReference section */

/* Begin PBXFrameworksBuildPhase section */
		085CAEDB25776AA900AAD8B1 /* Frameworks */ = {
			isa = PBXFrameworksBuildPhase;
			buildActionMask = 2147483647;
			files = (
			);
			runOnlyForDeploymentPostprocessing = 0;
		};
		085CAEF125776AAC00AAD8B1 /* Frameworks */ = {
			isa = PBXFrameworksBuildPhase;
			buildActionMask = 2147483647;
			files = (
			);
			runOnlyForDeploymentPostprocessing = 0;
		};
		085CAEFC25776AAC00AAD8B1 /* Frameworks */ = {
			isa = PBXFrameworksBuildPhase;
			buildActionMask = 2147483647;
			files = (
			);
			runOnlyForDeploymentPostprocessing = 0;
		};
/* End PBXFrameworksBuildPhase section */

/* Begin PBXGroup section */
		085CAED525776AA900AAD8B1 = {
			isa = PBXGroup;
			children = (
				085CAEE025776AA900AAD8B1 /* tip */,
				085CAEF725776AAC00AAD8B1 /* tipTests */,
				085CAF0225776AAC00AAD8B1 /* tipUITests */,
				085CAEDF25776AA900AAD8B1 /* Products */,
			);
			sourceTree = "<group>";
		};
		085CAEDF25776AA900AAD8B1 /* Products */ = {
			isa = PBXGroup;
			children = (
				085CAEDE25776AA900AAD8B1 /* tip.app */,
				085CAEF425776AAC00AAD8B1 /* tipTests.xctest */,
				085CAEFF25776AAC00AAD8B1 /* tipUITests.xctest */,
			);
			name = Products;
			sourceTree = "<group>";
		};
		085CAEE025776AA900AAD8B1 /* tip */ = {
			isa = PBXGroup;
			children = (
				085CAEE125776AA900AAD8B1 /* AppDelegate.swift */,
				085CAEE325776AA900AAD8B1 /* SceneDelegate.swift */,
				085CAEE525776AA900AAD8B1 /* ViewController.swift */,
				085CAF1C2577929500AAD8B1 /* SettingsViewController.swift */,
				085CAEEA25776AAC00AAD8B1 /* Assets.xcassets */,
				085CAEE725776AA900AAD8B1 /* Main.storyboard */,
				085CAEEC25776AAC00AAD8B1 /* LaunchScreen.storyboard */,
				085CAEEF25776AAC00AAD8B1 /* Info.plist */,
			);
			path = tip;
			sourceTree = "<group>";
		};
		085CAEF725776AAC00AAD8B1 /* tipTests */ = {
			isa = PBXGroup;
			children = (
				085CAEF825776AAC00AAD8B1 /* tipTests.swift */,
				085CAEFA25776AAC00AAD8B1 /* Info.plist */,
			);
			path = tipTests;
			sourceTree = "<group>";
		};
		085CAF0225776AAC00AAD8B1 /* tipUITests */ = {
			isa = PBXGroup;
			children = (
				085CAF0325776AAC00AAD8B1 /* tipUITests.swift */,
				085CAF0525776AAC00AAD8B1 /* Info.plist */,
			);
			path = tipUITests;
			sourceTree = "<group>";
		};
/* End PBXGroup section */

/* Begin PBXNativeTarget section */
		085CAEDD25776AA900AAD8B1 /* tip */ = {
			isa = PBXNativeTarget;
			buildConfigurationList = 085CAF0825776AAC00AAD8B1 /* Build configuration list for PBXNativeTarget "tip" */;
			buildPhases = (
				085CAEDA25776AA900AAD8B1 /* Sources */,
				085CAEDB25776AA900AAD8B1 /* Frameworks */,
				085CAEDC25776AA900AAD8B1 /* Resources */,
			);
			buildRules = (
			);
			dependencies = (
			);
			name = tip;
			productName = tip;
			productReference = 085CAEDE25776AA900AAD8B1 /* tip.app */;
			productType = "com.apple.product-type.application";
		};
		085CAEF325776AAC00AAD8B1 /* tipTests */ = {
			isa = PBXNativeTarget;
			buildConfigurationList = 085CAF0B25776AAC00AAD8B1 /* Build configuration list for PBXNativeTarget "tipTests" */;
			buildPhases = (
				085CAEF025776AAC00AAD8B1 /* Sources */,
				085CAEF125776AAC00AAD8B1 /* Frameworks */,
				085CAEF225776AAC00AAD8B1 /* Resources */,
			);
			buildRules = (
			);
			dependencies = (
				085CAEF625776AAC00AAD8B1 /* PBXTargetDependency */,
			);
			name = tipTests;
			productName = tipTests;
			productReference = 085CAEF425776AAC00AAD8B1 /* tipTests.xctest */;
			productType = "com.apple.product-type.bundle.unit-test";
		};
		085CAEFE25776AAC00AAD8B1 /* tipUITests */ = {
			isa = PBXNativeTarget;
			buildConfigurationList = 085CAF0E25776AAC00AAD8B1 /* Build configuration list for PBXNativeTarget "tipUITests" */;
			buildPhases = (
				085CAEFB25776AAC00AAD8B1 /* Sources */,
				085CAEFC25776AAC00AAD8B1 /* Frameworks */,
				085CAEFD25776AAC00AAD8B1 /* Resources */,
			);
			buildRules = (
			);
			dependencies = (
				085CAF0125776AAC00AAD8B1 /* PBXTargetDependency */,
			);
			name = tipUITests;
			productName = tipUITests;
			productReference = 085CAEFF25776AAC00AAD8B1 /* tipUITests.xctest */;
			productType = "com.apple.product-type.bundle.ui-testing";
		};
/* End PBXNativeTarget section */

/* Begin PBXProject section */
		085CAED625776AA900AAD8B1 /* Project object */ = {
			isa = PBXProject;
			attributes = {
				LastSwiftUpdateCheck = 1200;
				LastUpgradeCheck = 1200;
				TargetAttributes = {
					085CAEDD25776AA900AAD8B1 = {
						CreatedOnToolsVersion = 12.0.1;
					};
					085CAEF325776AAC00AAD8B1 = {
						CreatedOnToolsVersion = 12.0.1;
						TestTargetID = 085CAEDD25776AA900AAD8B1;
					};
					085CAEFE25776AAC00AAD8B1 = {
						CreatedOnToolsVersion = 12.0.1;
						TestTargetID = 085CAEDD25776AA900AAD8B1;
					};
				};
			};
			buildConfigurationList = 085CAED925776AA900AAD8B1 /* Build configuration list for PBXProject "tip" */;
			compatibilityVersion = "Xcode 9.3";
			developmentRegion = en;
			hasScannedForEncodings = 0;
			knownRegions = (
				en,
				Base,
				es,
				"en-US",
			);
			mainGroup = 085CAED525776AA900AAD8B1;
			productRefGroup = 085CAEDF25776AA900AAD8B1 /* Products */;
			projectDirPath = "";
			projectRoot = "";
			targets = (
				085CAEDD25776AA900AAD8B1 /* tip */,
				085CAEF325776AAC00AAD8B1 /* tipTests */,
				085CAEFE25776AAC00AAD8B1 /* tipUITests */,
			);
		};
/* End PBXProject section */

/* Begin PBXResourcesBuildPhase section */
		085CAEDC25776AA900AAD8B1 /* Resources */ = {
			isa = PBXResourcesBuildPhase;
			buildActionMask = 2147483647;
			files = (
				085CAEEE25776AAC00AAD8B1 /* LaunchScreen.storyboard in Resources */,
				085CAEEB25776AAC00AAD8B1 /* Assets.xcassets in Resources */,
				085CAEE925776AA900AAD8B1 /* Main.storyboard in Resources */,
			);
			runOnlyForDeploymentPostprocessing = 0;
		};
		085CAEF225776AAC00AAD8B1 /* Resources */ = {
			isa = PBXResourcesBuildPhase;
			buildActionMask = 2147483647;
			files = (
			);
			runOnlyForDeploymentPostprocessing = 0;
		};
		085CAEFD25776AAC00AAD8B1 /* Resources */ = {
			isa = PBXResourcesBuildPhase;
			buildActionMask = 2147483647;
			files = (
			);
			runOnlyForDeploymentPostprocessing = 0;
		};
/* End PBXResourcesBuildPhase section */

/* Begin PBXSourcesBuildPhase section */
		085CAEDA25776AA900AAD8B1 /* Sources */ = {
			isa = PBXSourcesBuildPhase;
			buildActionMask = 2147483647;
			files = (
				085CAEE625776AA900AAD8B1 /* ViewController.swift in Sources */,
				085CAEE225776AA900AAD8B1 /* AppDelegate.swift in Sources */,
				085CAEE425776AA900AAD8B1 /* SceneDelegate.swift in Sources */,
				085CAF1D2577929500AAD8B1 /* SettingsViewController.swift in Sources */,
			);
			runOnlyForDeploymentPostprocessing = 0;
		};
		085CAEF025776AAC00AAD8B1 /* Sources */ = {
			isa = PBXSourcesBuildPhase;
			buildActionMask = 2147483647;
			files = (
				085CAEF925776AAC00AAD8B1 /* tipTests.swift in Sources */,
			);
			runOnlyForDeploymentPostprocessing = 0;
		};
		085CAEFB25776AAC00AAD8B1 /* Sources */ = {
			isa = PBXSourcesBuildPhase;
			buildActionMask = 2147483647;
			files = (
				085CAF0425776AAC00AAD8B1 /* tipUITests.swift in Sources */,
			);
			runOnlyForDeploymentPostprocessing = 0;
		};
/* End PBXSourcesBuildPhase section */

/* Begin PBXTargetDependency section */
		085CAEF625776AAC00AAD8B1 /* PBXTargetDependency */ = {
			isa = PBXTargetDependency;
			target = 085CAEDD25776AA900AAD8B1 /* tip */;
			targetProxy = 085CAEF525776AAC00AAD8B1 /* PBXContainerItemProxy */;
		};
		085CAF0125776AAC00AAD8B1 /* PBXTargetDependency */ = {
			isa = PBXTargetDependency;
			target = 085CAEDD25776AA900AAD8B1 /* tip */;
			targetProxy = 085CAF0025776AAC00AAD8B1 /* PBXContainerItemProxy */;
		};
/* End PBXTargetDependency section */

/* Begin PBXVariantGroup section */
		085CAEE725776AA900AAD8B1 /* Main.storyboard */ = {
			isa = PBXVariantGroup;
			children = (
				085CAEE825776AA900AAD8B1 /* Base */,
				082505D725DD7FC6001CD3A7 /* es */,
				082505DC25DD81AC001CD3A7 /* en-US */,
			);
			name = Main.storyboard;
			sourceTree = "<group>";
		};
		085CAEEC25776AAC00AAD8B1 /* LaunchScreen.storyboard */ = {
			isa = PBXVariantGroup;
			children = (
				085CAEED25776AAC00AAD8B1 /* Base */,
				082505D825DD7FC6001CD3A7 /* es */,
				082505DD25DD81AC001CD3A7 /* en-US */,
			);
			name = LaunchScreen.storyboard;
			sourceTree = "<group>";
		};
/* End PBXVariantGroup section */

/* Begin XCBuildConfiguration section */
		085CAF0625776AAC00AAD8B1 /* Debug */ = {
			isa = XCBuildConfiguration;
			buildSettings = {
				ALWAYS_SEARCH_USER_PATHS = NO;
				CLANG_ANALYZER_LOCALIZABILITY_NONLOCALIZED = YES;
				CLANG_ANALYZER_NONNULL = YES;
				CLANG_ANALYZER_NUMBER_OBJECT_CONVERSION = YES_AGGRESSIVE;
				CLANG_CXX_LANGUAGE_STANDARD = "gnu++14";
				CLANG_CXX_LIBRARY = "libc++";
				CLANG_ENABLE_MODULES = YES;
				CLANG_ENABLE_OBJC_ARC = YES;
				CLANG_ENABLE_OBJC_WEAK = YES;
				CLANG_WARN_BLOCK_CAPTURE_AUTORELEASING = YES;
				CLANG_WARN_BOOL_CONVERSION = YES;
				CLANG_WARN_COMMA = YES;
				CLANG_WARN_CONSTANT_CONVERSION = YES;
				CLANG_WARN_DEPRECATED_OBJC_IMPLEMENTATIONS = YES;
				CLANG_WARN_DIRECT_OBJC_ISA_USAGE = YES_ERROR;
				CLANG_WARN_DOCUMENTATION_COMMENTS = YES;
				CLANG_WARN_EMPTY_BODY = YES;
				CLANG_WARN_ENUM_CONVERSION = YES;
				CLANG_WARN_INFINITE_RECURSION = YES;
				CLANG_WARN_INT_CONVERSION = YES;
				CLANG_WARN_NON_LITERAL_NULL_CONVERSION = YES;
				CLANG_WARN_OBJC_IMPLICIT_RETAIN_SELF = YES;
				CLANG_WARN_OBJC_LITERAL_CONVERSION = YES;
				CLANG_WARN_OBJC_ROOT_CLASS = YES_ERROR;
				CLANG_WARN_QUOTED_INCLUDE_IN_FRAMEWORK_HEADER = YES;
				CLANG_WARN_RANGE_LOOP_ANALYSIS = YES;
				CLANG_WARN_STRICT_PROTOTYPES = YES;
				CLANG_WARN_SUSPICIOUS_MOVE = YES;
				CLANG_WARN_UNGUARDED_AVAILABILITY = YES_AGGRESSIVE;
				CLANG_WARN_UNREACHABLE_CODE = YES;
				CLANG_WARN__DUPLICATE_METHOD_MATCH = YES;
				COPY_PHASE_STRIP = NO;
				DEBUG_INFORMATION_FORMAT = dwarf;
				ENABLE_STRICT_OBJC_MSGSEND = YES;
				ENABLE_TESTABILITY = YES;
				GCC_C_LANGUAGE_STANDARD = gnu11;
				GCC_DYNAMIC_NO_PIC = NO;
				GCC_NO_COMMON_BLOCKS = YES;
				GCC_OPTIMIZATION_LEVEL = 0;
				GCC_PREPROCESSOR_DEFINITIONS = (
					"DEBUG=1",
					"$(inherited)",
				);
				GCC_WARN_64_TO_32_BIT_CONVERSION = YES;
				GCC_WARN_ABOUT_RETURN_TYPE = YES_ERROR;
				GCC_WARN_UNDECLARED_SELECTOR = YES;
				GCC_WARN_UNINITIALIZED_AUTOS = YES_AGGRESSIVE;
				GCC_WARN_UNUSED_FUNCTION = YES;
				GCC_WARN_UNUSED_VARIABLE = YES;
				IPHONEOS_DEPLOYMENT_TARGET = 14.0;
				MTL_ENABLE_DEBUG_INFO = INCLUDE_SOURCE;
				MTL_FAST_MATH = YES;
				ONLY_ACTIVE_ARCH = YES;
				SDKROOT = iphoneos;
				SWIFT_ACTIVE_COMPILATION_CONDITIONS = DEBUG;
				SWIFT_OPTIMIZATION_LEVEL = "-Onone";
			};
			name = Debug;
		};
		085CAF0725776AAC00AAD8B1 /* Release */ = {
			isa = XCBuildConfiguration;
			buildSettings = {
				ALWAYS_SEARCH_USER_PATHS = NO;
				CLANG_ANALYZER_LOCALIZABILITY_NONLOCALIZED = YES;
				CLANG_ANALYZER_NONNULL = YES;
				CLANG_ANALYZER_NUMBER_OBJECT_CONVERSION = YES_AGGRESSIVE;
				CLANG_CXX_LANGUAGE_STANDARD = "gnu++14";
				CLANG_CXX_LIBRARY = "libc++";
				CLANG_ENABLE_MODULES = YES;
				CLANG_ENABLE_OBJC_ARC = YES;
				CLANG_ENABLE_OBJC_WEAK = YES;
				CLANG_WARN_BLOCK_CAPTURE_AUTORELEASING = YES;
				CLANG_WARN_BOOL_CONVERSION = YES;
				CLANG_WARN_COMMA = YES;
				CLANG_WARN_CONSTANT_CONVERSION = YES;
				CLANG_WARN_DEPRECATED_OBJC_IMPLEMENTATIONS = YES;
				CLANG_WARN_DIRECT_OBJC_ISA_USAGE = YES_ERROR;
				CLANG_WARN_DOCUMENTATION_COMMENTS = YES;
				CLANG_WARN_EMPTY_BODY = YES;
				CLANG_WARN_ENUM_CONVERSION = YES;
				CLANG_WARN_INFINITE_RECURSION = YES;
				CLANG_WARN_INT_CONVERSION = YES;
				CLANG_WARN_NON_LITERAL_NULL_CONVERSION = YES;
				CLANG_WARN_OBJC_IMPLICIT_RETAIN_SELF = YES;
				CLANG_WARN_OBJC_LITERAL_CONVERSION = YES;
				CLANG_WARN_OBJC_ROOT_CLASS = YES_ERROR;
				CLANG_WARN_QUOTED_INCLUDE_IN_FRAMEWORK_HEADER = YES;
				CLANG_WARN_RANGE_LOOP_ANALYSIS = YES;
				CLANG_WARN_STRICT_PROTOTYPES = YES;
				CLANG_WARN_SUSPICIOUS_MOVE = YES;
				CLANG_WARN_UNGUARDED_AVAILABILITY = YES_AGGRESSIVE;
				CLANG_WARN_UNREACHABLE_CODE = YES;
				CLANG_WARN__DUPLICATE_METHOD_MATCH = YES;
				COPY_PHASE_STRIP = NO;
				DEBUG_INFORMATION_FORMAT = "dwarf-with-dsym";
				ENABLE_NS_ASSERTIONS = NO;
				ENABLE_STRICT_OBJC_MSGSEND = YES;
				GCC_C_LANGUAGE_STANDARD = gnu11;
				GCC_NO_COMMON_BLOCKS = YES;
				GCC_WARN_64_TO_32_BIT_CONVERSION = YES;
				GCC_WARN_ABOUT_RETURN_TYPE = YES_ERROR;
				GCC_WARN_UNDECLARED_SELECTOR = YES;
				GCC_WARN_UNINITIALIZED_AUTOS = YES_AGGRESSIVE;
				GCC_WARN_UNUSED_FUNCTION = YES;
				GCC_WARN_UNUSED_VARIABLE = YES;
				IPHONEOS_DEPLOYMENT_TARGET = 14.0;
				MTL_ENABLE_DEBUG_INFO = NO;
				MTL_FAST_MATH = YES;
				SDKROOT = iphoneos;
				SWIFT_COMPILATION_MODE = wholemodule;
				SWIFT_OPTIMIZATION_LEVEL = "-O";
				VALIDATE_PRODUCT = YES;
			};
			name = Release;
		};
		085CAF0925776AAC00AAD8B1 /* Debug */ = {
			isa = XCBuildConfiguration;
			buildSettings = {
				ASSETCATALOG_COMPILER_APPICON_NAME = AppIcon;
				ASSETCATALOG_COMPILER_GLOBAL_ACCENT_COLOR_NAME = AccentColor;
				CODE_SIGN_STYLE = Automatic;
				INFOPLIST_FILE = tip/Info.plist;
				LD_RUNPATH_SEARCH_PATHS = (
					"$(inherited)",
					"@executable_path/Frameworks",
				);
				PRODUCT_BUNDLE_IDENTIFIER = Jill.tip;
				PRODUCT_NAME = "$(TARGET_NAME)";
				SWIFT_VERSION = 5.0;
				TARGETED_DEVICE_FAMILY = "1,2";
			};
			name = Debug;
		};
		085CAF0A25776AAC00AAD8B1 /* Release */ = {
			isa = XCBuildConfiguration;
			buildSettings = {
				ASSETCATALOG_COMPILER_APPICON_NAME = AppIcon;
				ASSETCATALOG_COMPILER_GLOBAL_ACCENT_COLOR_NAME = AccentColor;
				CODE_SIGN_STYLE = Automatic;
				INFOPLIST_FILE = tip/Info.plist;
				LD_RUNPATH_SEARCH_PATHS = (
					"$(inherited)",
					"@executable_path/Frameworks",
				);
				PRODUCT_BUNDLE_IDENTIFIER = Jill.tip;
				PRODUCT_NAME = "$(TARGET_NAME)";
				SWIFT_VERSION = 5.0;
				TARGETED_DEVICE_FAMILY = "1,2";
			};
			name = Release;
		};
		085CAF0C25776AAC00AAD8B1 /* Debug */ = {
			isa = XCBuildConfiguration;
			buildSettings = {
				ALWAYS_EMBED_SWIFT_STANDARD_LIBRARIES = YES;
				BUNDLE_LOADER = "$(TEST_HOST)";
				CODE_SIGN_STYLE = Automatic;
				INFOPLIST_FILE = tipTests/Info.plist;
				IPHONEOS_DEPLOYMENT_TARGET = 14.0;
				LD_RUNPATH_SEARCH_PATHS = (
					"$(inherited)",
					"@executable_path/Frameworks",
					"@loader_path/Frameworks",
				);
				PRODUCT_BUNDLE_IDENTIFIER = Jill.tipTests;
				PRODUCT_NAME = "$(TARGET_NAME)";
				SWIFT_VERSION = 5.0;
				TARGETED_DEVICE_FAMILY = "1,2";
				TEST_HOST = "$(BUILT_PRODUCTS_DIR)/tip.app/tip";
			};
			name = Debug;
		};
		085CAF0D25776AAC00AAD8B1 /* Release */ = {
			isa = XCBuildConfiguration;
			buildSettings = {
				ALWAYS_EMBED_SWIFT_STANDARD_LIBRARIES = YES;
				BUNDLE_LOADER = "$(TEST_HOST)";
				CODE_SIGN_STYLE = Automatic;
				INFOPLIST_FILE = tipTests/Info.plist;
				IPHONEOS_DEPLOYMENT_TARGET = 14.0;
				LD_RUNPATH_SEARCH_PATHS = (
					"$(inherited)",
					"@executable_path/Frameworks",
					"@loader_path/Frameworks",
				);
				PRODUCT_BUNDLE_IDENTIFIER = Jill.tipTests;
				PRODUCT_NAME = "$(TARGET_NAME)";
				SWIFT_VERSION = 5.0;
				TARGETED_DEVICE_FAMILY = "1,2";
				TEST_HOST = "$(BUILT_PRODUCTS_DIR)/tip.app/tip";
			};
			name = Release;
		};
		085CAF0F25776AAC00AAD8B1 /* Debug */ = {
			isa = XCBuildConfiguration;
			buildSettings = {
				ALWAYS_EMBED_SWIFT_STANDARD_LIBRARIES = YES;
				CODE_SIGN_STYLE = Automatic;
				INFOPLIST_FILE = tipUITests/Info.plist;
				LD_RUNPATH_SEARCH_PATHS = (
					"$(inherited)",
					"@executable_path/Frameworks",
					"@loader_path/Frameworks",
				);
				PRODUCT_BUNDLE_IDENTIFIER = Jill.tipUITests;
				PRODUCT_NAME = "$(TARGET_NAME)";
				SWIFT_VERSION = 5.0;
				TARGETED_DEVICE_FAMILY = "1,2";
				TEST_TARGET_NAME = tip;
			};
			name = Debug;
		};
		085CAF1025776AAC00AAD8B1 /* Release */ = {
			isa = XCBuildConfiguration;
			buildSettings = {
				ALWAYS_EMBED_SWIFT_STANDARD_LIBRARIES = YES;
				CODE_SIGN_STYLE = Automatic;
				INFOPLIST_FILE = tipUITests/Info.plist;
				LD_RUNPATH_SEARCH_PATHS = (
					"$(inherited)",
					"@executable_path/Frameworks",
					"@loader_path/Frameworks",
				);
				PRODUCT_BUNDLE_IDENTIFIER = Jill.tipUITests;
				PRODUCT_NAME = "$(TARGET_NAME)";
				SWIFT_VERSION = 5.0;
				TARGETED_DEVICE_FAMILY = "1,2";
				TEST_TARGET_NAME = tip;
			};
			name = Release;
		};
/* End XCBuildConfiguration section */

/* Begin XCConfigurationList section */
		085CAED925776AA900AAD8B1 /* Build configuration list for PBXProject "tip" */ = {
			isa = XCConfigurationList;
			buildConfigurations = (
				085CAF0625776AAC00AAD8B1 /* Debug */,
				085CAF0725776AAC00AAD8B1 /* Release */,
			);
			defaultConfigurationIsVisible = 0;
			defaultConfigurationName = Release;
		};
		085CAF0825776AAC00AAD8B1 /* Build configuration list for PBXNativeTarget "tip" */ = {
			isa = XCConfigurationList;
			buildConfigurations = (
				085CAF0925776AAC00AAD8B1 /* Debug */,
				085CAF0A25776AAC00AAD8B1 /* Release */,
			);
			defaultConfigurationIsVisible = 0;
			defaultConfigurationName = Release;
		};
		085CAF0B25776AAC00AAD8B1 /* Build configuration list for PBXNativeTarget "tipTests" */ = {
			isa = XCConfigurationList;
			buildConfigurations = (
				085CAF0C25776AAC00AAD8B1 /* Debug */,
				085CAF0D25776AAC00AAD8B1 /* Release */,
			);
			defaultConfigurationIsVisible = 0;
			defaultConfigurationName = Release;
		};
		085CAF0E25776AAC00AAD8B1 /* Build configuration list for PBXNativeTarget "tipUITests" */ = {
			isa = XCConfigurationList;
			buildConfigurations = (
				085CAF0F25776AAC00AAD8B1 /* Debug */,
				085CAF1025776AAC00AAD8B1 /* Release */,
			);
			defaultConfigurationIsVisible = 0;
			defaultConfigurationName = Release;
		};
/* End XCConfigurationList section */
	};
	rootObject = 085CAED625776AA900AAD8B1 /* Project object */;
}
